Microsoft Visual Studio Solution File, Format Version 12.00
# Visual Studio Version 17
VisualStudioVersion = 17.5.2.0
MinimumVisualStudioVersion = 10.0.40219.1
Project("{FAE04EC0-301F-11D3-BF4B-00C04F79EFBC}") = "JHLabel.Api", "JHLabel.Api\JHLabel.Api.csproj", "{BC925611-54A1-BEAE-6328-127BF47BAF8D}"
EndProject
Global
	GlobalSection(SolutionConfigurationPlatforms) = preSolution
		Debug|Any CPU = Debug|Any CPU
		Release|Any CPU = Release|Any CPU
	EndGlobalSection
	GlobalSection(ProjectConfigurationPlatforms) = postSolution
		{BC925611-54A1-BEAE-6328-127BF47BAF8D}.Debug|Any CPU.ActiveCfg = Debug|Any CPU
		{BC925611-54A1-BEAE-6328-127BF47BAF8D}.Debug|Any CPU.Build.0 = Debug|Any CPU
		{BC925611-54A1-BEAE-6328-127BF47BAF8D}.Release|Any CPU.ActiveCfg = Release|Any CPU
		{BC925611-54A1-BEAE-6328-127BF47BAF8D}.Release|Any CPU.Build.0 = Release|Any CPU
	EndGlobalSection
	GlobalSection(SolutionProperties) = preSolution
		HideSolutionNode = FALSE
	EndGlobalSection
	GlobalSection(ExtensibilityGlobals) = postSolution
		SolutionGuid = {8A165E27-CDF6-4A0F-9A87-FB16A701E403}
	EndGlobalSection
EndGlobal
